
Microsoft Visual Studio Solution File, Format Version 12.00
# Visual Studio 15
VisualStudioVersion = 15.0.27130.2024
MinimumVisualStudioVersion = 10.0.40219.1
Project("{FAE04EC0-301F-11D3-BF4B-00C04F79EFBC}") = "DependancyInjectionExample", "DependancyInjectionExample\DependancyInjectionExample.csproj", "{C7F06FD7-4A82-4370-A66C-9F8BEFA81409}"
EndProject
Global
	GlobalSection(SolutionConfigurationPlatforms) = preSolution
		Debug|Any CPU = Debug|Any CPU
		Release|Any CPU = Release|Any CPU
	EndGlobalSection
	GlobalSection(ProjectConfigurationPlatforms) = postSolution
		{C7F06FD7-4A82-4370-A66C-9F8BEFA81409}.Debug|Any CPU.ActiveCfg = Debug|Any CPU
		{C7F06FD7-4A82-4370-A66C-9F8BEFA81409}.Debug|Any CPU.Build.0 = Debug|Any CPU
		{C7F06FD7-4A82-4370-A66C-9F8BEFA81409}.Release|Any CPU.ActiveCfg = Release|Any CPU
		{C7F06FD7-4A82-4370-A66C-9F8BEFA81409}.Release|Any CPU.Build.0 = Release|Any CPU
	EndGlobalSection
	GlobalSection(SolutionProperties) = preSolution
		HideSolutionNode = FALSE
	EndGlobalSection
	GlobalSection(ExtensibilityGlobals) = postSolution
		SolutionGuid = {C4DD6378-C2ED-474B-9548-5BB6CA52D5F3}
	EndGlobalSection
EndGlobal
